
Microsoft Visual Studio Solution File, Format Version 12.00
# Visual Studio Version 16
VisualStudioVersion = 16.0.31025.194
MinimumVisualStudioVersion = 10.0.40219.1
Project("{FAE04EC0-301F-11D3-BF4B-00C04F79EFBC}") = "DemoSession1_ASPNETCoreMVC1", "DemoSession1_ASPNETCoreMVC1\DemoSession1_ASPNETCoreMVC1.csproj", "{8560D70F-08FC-43F5-A756-BCD3E992FEAD}"
EndProject
Global
	GlobalSection(SolutionConfigurationPlatforms) = preSolution
		Debug|Any CPU = Debug|Any CPU
		Release|Any CPU = Release|Any CPU
	EndGlobalSection
	GlobalSection(ProjectConfigurationPlatforms) = postSolution
		{8560D70F-08FC-43F5-A756-BCD3E992FEAD}.Debug|Any CPU.ActiveCfg = Debug|Any CPU
		{8560D70F-08FC-43F5-A756-BCD3E992FEAD}.Debug|Any CPU.Build.0 = Debug|Any CPU
		{8560D70F-08FC-43F5-A756-BCD3E992FEAD}.Release|Any CPU.ActiveCfg = Release|Any CPU
		{8560D70F-08FC-43F5-A756-BCD3E992FEAD}.Release|Any CPU.Build.0 = Release|Any CPU
	EndGlobalSection
	GlobalSection(SolutionProperties) = preSolution
		HideSolutionNode = FALSE
	EndGlobalSection
	GlobalSection(ExtensibilityGlobals) = postSolution
		SolutionGuid = {CB9D5B3A-D327-45B0-BD23-890A9DC0AE40}
	EndGlobalSection
EndGlobal
