
Microsoft Visual Studio Solution File, Format Version 12.00
# Visual Studio Version 16
VisualStudioVersion = 16.0.31105.61
MinimumVisualStudioVersion = 10.0.40219.1
Project("{9A19103F-16F7-4668-BE54-9A1E7A4F7556}") = "DemoSession5_Form", "DemoSession5_Form\DemoSession5_Form.csproj", "{A1C99EFF-BEA5-44AB-935C-4C5B6CF87370}"
EndProject
Project("{FAE04EC0-301F-11D3-BF4B-00C04F79EFBC}") = "Portfolio0", "Portfolio0\Portfolio0.csproj", "{0402FBBF-B36B-406C-96FC-97D393374E2F}"
EndProject
Global
	GlobalSection(SolutionConfigurationPlatforms) = preSolution
		Debug|Any CPU = Debug|Any CPU
		Release|Any CPU = Release|Any CPU
	EndGlobalSection
	GlobalSection(ProjectConfigurationPlatforms) = postSolution
		{A1C99EFF-BEA5-44AB-935C-4C5B6CF87370}.Debug|Any CPU.ActiveCfg = Debug|Any CPU
		{A1C99EFF-BEA5-44AB-935C-4C5B6CF87370}.Debug|Any CPU.Build.0 = Debug|Any CPU
		{A1C99EFF-BEA5-44AB-935C-4C5B6CF87370}.Release|Any CPU.ActiveCfg = Release|Any CPU
		{A1C99EFF-BEA5-44AB-935C-4C5B6CF87370}.Release|Any CPU.Build.0 = Release|Any CPU
		{0402FBBF-B36B-406C-96FC-97D393374E2F}.Debug|Any CPU.ActiveCfg = Debug|Any CPU
		{0402FBBF-B36B-406C-96FC-97D393374E2F}.Debug|Any CPU.Build.0 = Debug|Any CPU
		{0402FBBF-B36B-406C-96FC-97D393374E2F}.Release|Any CPU.ActiveCfg = Release|Any CPU
		{0402FBBF-B36B-406C-96FC-97D393374E2F}.Release|Any CPU.Build.0 = Release|Any CPU
	EndGlobalSection
	GlobalSection(SolutionProperties) = preSolution
		HideSolutionNode = FALSE
	EndGlobalSection
	GlobalSection(ExtensibilityGlobals) = postSolution
		SolutionGuid = {9E4AAB0A-61D1-4BDF-A974-18F20FD2F94B}
	EndGlobalSection
EndGlobal
