
Microsoft Visual Studio Solution File, Format Version 12.00
# Visual Studio Version 16
VisualStudioVersion = 16.0.31105.61
MinimumVisualStudioVersion = 10.0.40219.1
Project("{FAE04EC0-301F-11D3-BF4B-00C04F79EFBC}") = "Portfolio5", "Portfolio5\Portfolio5.csproj", "{27F6BDF3-B24D-47E5-A33C-FCCC15DC3D19}"
EndProject
Project("{FAE04EC0-301F-11D3-BF4B-00C04F79EFBC}") = "Portfolio.Data", "Portfolio.Data\Portfolio.Data.csproj", "{9C389B5C-8E9B-4113-9067-54715BC865A7}"
EndProject
Project("{FAE04EC0-301F-11D3-BF4B-00C04F79EFBC}") = "Portfolio.Application", "Portfolio.Application\Portfolio.Application.csproj", "{2F4F432D-E0C4-4E1A-9A68-0F5205484363}"
EndProject
Global
	GlobalSection(SolutionConfigurationPlatforms) = preSolution
		Debug|Any CPU = Debug|Any CPU
		Release|Any CPU = Release|Any CPU
	EndGlobalSection
	GlobalSection(ProjectConfigurationPlatforms) = postSolution
		{27F6BDF3-B24D-47E5-A33C-FCCC15DC3D19}.Debug|Any CPU.ActiveCfg = Debug|Any CPU
		{27F6BDF3-B24D-47E5-A33C-FCCC15DC3D19}.Debug|Any CPU.Build.0 = Debug|Any CPU
		{27F6BDF3-B24D-47E5-A33C-FCCC15DC3D19}.Release|Any CPU.ActiveCfg = Release|Any CPU
		{27F6BDF3-B24D-47E5-A33C-FCCC15DC3D19}.Release|Any CPU.Build.0 = Release|Any CPU
		{9C389B5C-8E9B-4113-9067-54715BC865A7}.Debug|Any CPU.ActiveCfg = Debug|Any CPU
		{9C389B5C-8E9B-4113-9067-54715BC865A7}.Debug|Any CPU.Build.0 = Debug|Any CPU
		{9C389B5C-8E9B-4113-9067-54715BC865A7}.Release|Any CPU.ActiveCfg = Release|Any CPU
		{9C389B5C-8E9B-4113-9067-54715BC865A7}.Release|Any CPU.Build.0 = Release|Any CPU
		{2F4F432D-E0C4-4E1A-9A68-0F5205484363}.Debug|Any CPU.ActiveCfg = Debug|Any CPU
		{2F4F432D-E0C4-4E1A-9A68-0F5205484363}.Debug|Any CPU.Build.0 = Debug|Any CPU
		{2F4F432D-E0C4-4E1A-9A68-0F5205484363}.Release|Any CPU.ActiveCfg = Release|Any CPU
		{2F4F432D-E0C4-4E1A-9A68-0F5205484363}.Release|Any CPU.Build.0 = Release|Any CPU
	EndGlobalSection
	GlobalSection(SolutionProperties) = preSolution
		HideSolutionNode = FALSE
	EndGlobalSection
	GlobalSection(ExtensibilityGlobals) = postSolution
		SolutionGuid = {9CBA1CF6-2ABD-4A49-9AF1-BDFDF93747E7}
	EndGlobalSection
EndGlobal
