
Microsoft Visual Studio Solution File, Format Version 12.00
# Visual Studio Version 16
VisualStudioVersion = 16.0.31105.61
MinimumVisualStudioVersion = 10.0.40219.1
Project("{FAE04EC0-301F-11D3-BF4B-00C04F79EFBC}") = "DemoSession8_Validate", "DemoSession8_Validate\DemoSession8_Validate.csproj", "{59716ABB-76D2-4E59-9069-8F596ACEC90C}"
EndProject
Global
	GlobalSection(SolutionConfigurationPlatforms) = preSolution
		Debug|Any CPU = Debug|Any CPU
		Release|Any CPU = Release|Any CPU
	EndGlobalSection
	GlobalSection(ProjectConfigurationPlatforms) = postSolution
		{59716ABB-76D2-4E59-9069-8F596ACEC90C}.Debug|Any CPU.ActiveCfg = Debug|Any CPU
		{59716ABB-76D2-4E59-9069-8F596ACEC90C}.Debug|Any CPU.Build.0 = Debug|Any CPU
		{59716ABB-76D2-4E59-9069-8F596ACEC90C}.Release|Any CPU.ActiveCfg = Release|Any CPU
		{59716ABB-76D2-4E59-9069-8F596ACEC90C}.Release|Any CPU.Build.0 = Release|Any CPU
	EndGlobalSection
	GlobalSection(SolutionProperties) = preSolution
		HideSolutionNode = FALSE
	EndGlobalSection
	GlobalSection(ExtensibilityGlobals) = postSolution
		SolutionGuid = {29C3D5DA-22E9-4FAC-B2FA-26416884FD16}
	EndGlobalSection
EndGlobal
