
Microsoft Visual Studio Solution File, Format Version 12.00
# Visual Studio Version 16
VisualStudioVersion = 16.0.31025.194
MinimumVisualStudioVersion = 10.0.40219.1
Project("{FAE04EC0-301F-11D3-BF4B-00C04F79EFBC}") = "DemoSession_Class1", "DemoSession_Class1\DemoSession_Class1.csproj", "{509EA686-A607-46CE-B1E6-38AB1C280C0F}"
EndProject
Global
	GlobalSection(SolutionConfigurationPlatforms) = preSolution
		Debug|Any CPU = Debug|Any CPU
		Release|Any CPU = Release|Any CPU
	EndGlobalSection
	GlobalSection(ProjectConfigurationPlatforms) = postSolution
		{509EA686-A607-46CE-B1E6-38AB1C280C0F}.Debug|Any CPU.ActiveCfg = Debug|Any CPU
		{509EA686-A607-46CE-B1E6-38AB1C280C0F}.Debug|Any CPU.Build.0 = Debug|Any CPU
		{509EA686-A607-46CE-B1E6-38AB1C280C0F}.Release|Any CPU.ActiveCfg = Release|Any CPU
		{509EA686-A607-46CE-B1E6-38AB1C280C0F}.Release|Any CPU.Build.0 = Release|Any CPU
	EndGlobalSection
	GlobalSection(SolutionProperties) = preSolution
		HideSolutionNode = FALSE
	EndGlobalSection
	GlobalSection(ExtensibilityGlobals) = postSolution
		SolutionGuid = {48529832-3508-464F-8879-20FC1867FCE2}
	EndGlobalSection
EndGlobal
